
Microsoft Visual Studio Solution File, Format Version 12.00
# Visual Studio Version 17
VisualStudioVersion = 17.8.34330.188
MinimumVisualStudioVersion = 10.0.40219.1
Project("{9A19103F-16F7-4668-BE54-9A1E7A4F7556}") = "Diary.WebAPI", "Diary.WebAPI\Diary.WebAPI.csproj", "{DE244F16-A79F-41CF-8563-2162F2008D51}"
EndProject
Project("{9A19103F-16F7-4668-BE54-9A1E7A4F7556}") = "Diary.DAL", "Diary.DAL\Diary.DAL.csproj", "{AE6C43D0-72AA-40D3-A67F-7387245C8F31}"
EndProject
Project("{9A19103F-16F7-4668-BE54-9A1E7A4F7556}") = "Diary.BLL", "Diary.BLL\Diary.BLL.csproj", "{E283D574-38BD-40E1-B0AE-84AD0297F845}"
EndProject
Project("{FAE04EC0-301F-11D3-BF4B-00C04F79EFBC}") = "Diary.DAL.Tests", "Diary.DAL.Tests\Diary.DAL.Tests.csproj", "{FBAA74AC-028C-47E1-B751-2958B76AF693}"
EndProject
Project("{2150E333-8FDC-42A3-9474-1A3956D46DE8}") = "Tests", "Tests", "{5CB23523-4D16-4AFD-A444-DAF0FD34A67E}"
EndProject
Project("{2150E333-8FDC-42A3-9474-1A3956D46DE8}") = "src", "src", "{23C615B8-5A43-4A90-B601-4E3BFBF6FF52}"
EndProject
Global
	GlobalSection(SolutionConfigurationPlatforms) = preSolution
		Debug|Any CPU = Debug|Any CPU
		Release|Any CPU = Release|Any CPU
	EndGlobalSection
	GlobalSection(ProjectConfigurationPlatforms) = postSolution
		{DE244F16-A79F-41CF-8563-2162F2008D51}.Debug|Any CPU.ActiveCfg = Debug|Any CPU
		{DE244F16-A79F-41CF-8563-2162F2008D51}.Debug|Any CPU.Build.0 = Debug|Any CPU
		{DE244F16-A79F-41CF-8563-2162F2008D51}.Release|Any CPU.ActiveCfg = Release|Any CPU
		{DE244F16-A79F-41CF-8563-2162F2008D51}.Release|Any CPU.Build.0 = Release|Any CPU
		{AE6C43D0-72AA-40D3-A67F-7387245C8F31}.Debug|Any CPU.ActiveCfg = Debug|Any CPU
		{AE6C43D0-72AA-40D3-A67F-7387245C8F31}.Debug|Any CPU.Build.0 = Debug|Any CPU
		{AE6C43D0-72AA-40D3-A67F-7387245C8F31}.Release|Any CPU.ActiveCfg = Release|Any CPU
		{AE6C43D0-72AA-40D3-A67F-7387245C8F31}.Release|Any CPU.Build.0 = Release|Any CPU
		{E283D574-38BD-40E1-B0AE-84AD0297F845}.Debug|Any CPU.ActiveCfg = Debug|Any CPU
		{E283D574-38BD-40E1-B0AE-84AD0297F845}.Debug|Any CPU.Build.0 = Debug|Any CPU
		{E283D574-38BD-40E1-B0AE-84AD0297F845}.Release|Any CPU.ActiveCfg = Release|Any CPU
		{E283D574-38BD-40E1-B0AE-84AD0297F845}.Release|Any CPU.Build.0 = Release|Any CPU
		{FBAA74AC-028C-47E1-B751-2958B76AF693}.Debug|Any CPU.ActiveCfg = Debug|Any CPU
		{FBAA74AC-028C-47E1-B751-2958B76AF693}.Debug|Any CPU.Build.0 = Debug|Any CPU
		{FBAA74AC-028C-47E1-B751-2958B76AF693}.Release|Any CPU.ActiveCfg = Release|Any CPU
		{FBAA74AC-028C-47E1-B751-2958B76AF693}.Release|Any CPU.Build.0 = Release|Any CPU
	EndGlobalSection
	GlobalSection(SolutionProperties) = preSolution
		HideSolutionNode = FALSE
	EndGlobalSection
	GlobalSection(NestedProjects) = preSolution
		{DE244F16-A79F-41CF-8563-2162F2008D51} = {23C615B8-5A43-4A90-B601-4E3BFBF6FF52}
		{AE6C43D0-72AA-40D3-A67F-7387245C8F31} = {23C615B8-5A43-4A90-B601-4E3BFBF6FF52}
		{E283D574-38BD-40E1-B0AE-84AD0297F845} = {23C615B8-5A43-4A90-B601-4E3BFBF6FF52}
		{FBAA74AC-028C-47E1-B751-2958B76AF693} = {5CB23523-4D16-4AFD-A444-DAF0FD34A67E}
	EndGlobalSection
	GlobalSection(ExtensibilityGlobals) = postSolution
		SolutionGuid = {747AB6EA-BF39-4121-9F32-0B64895818AF}
	EndGlobalSection
EndGlobal
